
Microsoft Visual Studio Solution File, Format Version 12.00
# Visual Studio Version 16
VisualStudioVersion = 16.0.29409.12
MinimumVisualStudioVersion = 10.0.40219.1
Project("{FAE04EC0-301F-11D3-BF4B-00C04F79EFBC}") = "DemoDevOpsWebApp1", "DemoDevOpsWebApp1\DemoDevOpsWebApp1.csproj", "{9B1554B5-FBBC-402A-87EE-46EE4C4DDDEB}"
EndProject
Global
	GlobalSection(SolutionConfigurationPlatforms) = preSolution
		Debug|Any CPU = Debug|Any CPU
		Release|Any CPU = Release|Any CPU
	EndGlobalSection
	GlobalSection(ProjectConfigurationPlatforms) = postSolution
		{9B1554B5-FBBC-402A-87EE-46EE4C4DDDEB}.Debug|Any CPU.ActiveCfg = Debug|Any CPU
		{9B1554B5-FBBC-402A-87EE-46EE4C4DDDEB}.Debug|Any CPU.Build.0 = Debug|Any CPU
		{9B1554B5-FBBC-402A-87EE-46EE4C4DDDEB}.Release|Any CPU.ActiveCfg = Release|Any CPU
		{9B1554B5-FBBC-402A-87EE-46EE4C4DDDEB}.Release|Any CPU.Build.0 = Release|Any CPU
	EndGlobalSection
	GlobalSection(SolutionProperties) = preSolution
		HideSolutionNode = FALSE
	EndGlobalSection
	GlobalSection(ExtensibilityGlobals) = postSolution
		SolutionGuid = {507FC76B-7794-4B3C-A075-54F8D54C2447}
	EndGlobalSection
EndGlobal
